// !$*UTF8*$!
{
	archiveVersion = 1;
	classes = {
	};
	objectVersion = 46;
	objects = {

/* Begin PBXBuildFile section */
		4900215E172E029D00CD8437 /* refresh@2x.png in Resources */ = {isa = PBXBuildFile; fileRef = 4900215C172E029D00CD8437 /* refresh@2x.png */; };
		4900215F172E029D00CD8437 /* refresh.png in Resources */ = {isa = PBXBuildFile; fileRef = 4900215D172E029D00CD8437 /* refresh.png */; };
		49002162172E045600CD8437 /* forward_arrow.png in Resources */ = {isa = PBXBuildFile; fileRef = 49002160172E045600CD8437 /* forward_arrow.png */; };
		49002163172E045600CD8437 /* back_arrow.png in Resources */ = {isa = PBXBuildFile; fileRef = 49002161172E045600CD8437 /* back_arrow.png */; };
		49002166172E051600CD8437 /* back_arrow@2x.png in Resources */ = {isa = PBXBuildFile; fileRef = 49002164172E051600CD8437 /* back_arrow@2x.png */; };
		49002167172E051600CD8437 /* forward_arrow@2x.png in Resources */ = {isa = PBXBuildFile; fileRef = 49002165172E051600CD8437 /* forward_arrow@2x.png */; };
		4911EFFF16F381BE00B671DF /* SystemConfiguration.framework in Frameworks */ = {isa = PBXBuildFile; fileRef = 4911EFFE16F381BE00B671DF /* SystemConfiguration.framework */; };
		4911F00216F381D300B671DF /* Reachability.m in Sources */ = {isa = PBXBuildFile; fileRef = 4911F00116F381D300B671DF /* Reachability.m */; };
		49300ACC16B705A100F45D24 /* UIKit.framework in Frameworks */ = {isa = PBXBuildFile; fileRef = 49300ACB16B705A100F45D24 /* UIKit.framework */; };
		49300ACE16B705A100F45D24 /* Foundation.framework in Frameworks */ = {isa = PBXBuildFile; fileRef = 49300ACD16B705A100F45D24 /* Foundation.framework */; };
		49300AD016B705A100F45D24 /* CoreGraphics.framework in Frameworks */ = {isa = PBXBuildFile; fileRef = 49300ACF16B705A100F45D24 /* CoreGraphics.framework */; };
		49300AD616B705A100F45D24 /* InfoPlist.strings in Resources */ = {isa = PBXBuildFile; fileRef = 49300AD416B705A100F45D24 /* InfoPlist.strings */; };
		49300AD816B705A100F45D24 /* main.m in Sources */ = {isa = PBXBuildFile; fileRef = 49300AD716B705A100F45D24 /* main.m */; };
		49300ADC16B705A100F45D24 /* AppDelegate.m in Sources */ = {isa = PBXBuildFile; fileRef = 49300ADB16B705A100F45D24 /* AppDelegate.m */; };
		49300AE516B705A200F45D24 /* MainStoryboard.storyboard in Resources */ = {isa = PBXBuildFile; fileRef = 49300AE316B705A200F45D24 /* MainStoryboard.storyboard */; };
		49300AE816B705A200F45D24 /* ViewController.m in Sources */ = {isa = PBXBuildFile; fileRef = 49300AE716B705A200F45D24 /* ViewController.m */; };
		49300AFE16B724AD00F45D24 /* OrangeButton.png in Resources */ = {isa = PBXBuildFile; fileRef = 49300AF916B724AD00F45D24 /* OrangeButton.png */; };
		49300AFF16B724AD00F45D24 /* orangeButton@2x.png in Resources */ = {isa = PBXBuildFile; fileRef = 49300AFA16B724AD00F45D24 /* orangeButton@2x.png */; };
		49300B0016B724AD00F45D24 /* orangeButtonHighlight.png in Resources */ = {isa = PBXBuildFile; fileRef = 49300AFB16B724AD00F45D24 /* orangeButtonHighlight.png */; };
		49300B0116B724AD00F45D24 /* orangeButtonHighlight@2x.png in Resources */ = {isa = PBXBuildFile; fileRef = 49300AFC16B724AD00F45D24 /* orangeButtonHighlight@2x.png */; };
		49300B1216B7826300F45D24 /* MyWorkoutList.m in Sources */ = {isa = PBXBuildFile; fileRef = 49300B1116B7826300F45D24 /* MyWorkoutList.m */; };
		493298021715F7A2008FDCE6 /* StoreKit.framework in Frameworks */ = {isa = PBXBuildFile; fileRef = 493298011715F7A2008FDCE6 /* StoreKit.framework */; };
		493298041715F7C5008FDCE6 /* AdSupport.framework in Frameworks */ = {isa = PBXBuildFile; fileRef = 493298031715F7C5008FDCE6 /* AdSupport.framework */; };
		493299B617160276008FDCE6 /* rss_icon.png in Resources */ = {isa = PBXBuildFile; fileRef = 493299A617160276008FDCE6 /* rss_icon.png */; };
		493299B717160276008FDCE6 /* rss_icon@2x.png in Resources */ = {isa = PBXBuildFile; fileRef = 493299A717160276008FDCE6 /* rss_icon@2x.png */; };
		493299B817160276008FDCE6 /* swim_slider_thumb_new@2x.png in Resources */ = {isa = PBXBuildFile; fileRef = 493299A817160276008FDCE6 /* swim_slider_thumb_new@2x.png */; };
		493299B917160276008FDCE6 /* swim_slider_thumb@2x.png in Resources */ = {isa = PBXBuildFile; fileRef = 493299A917160276008FDCE6 /* swim_slider_thumb@2x.png */; };
		493299BA17160276008FDCE6 /* run_slider_thumb@2x.png in Resources */ = {isa = PBXBuildFile; fileRef = 493299AA17160276008FDCE6 /* run_slider_thumb@2x.png */; };
		493299BB17160276008FDCE6 /* bike_slider_thumb@2x.png in Resources */ = {isa = PBXBuildFile; fileRef = 493299AB17160276008FDCE6 /* bike_slider_thumb@2x.png */; };
		493299BC17160276008FDCE6 /* Default-568h@2x.png in Resources */ = {isa = PBXBuildFile; fileRef = 493299AC17160276008FDCE6 /* Default-568h@2x.png */; };
		493299BD17160276008FDCE6 /* Default@2x.png in Resources */ = {isa = PBXBuildFile; fileRef = 493299AD17160276008FDCE6 /* Default@2x.png */; };
		493299BE17160276008FDCE6 /* Default.png in Resources */ = {isa = PBXBuildFile; fileRef = 493299AE17160276008FDCE6 /* Default.png */; };
		493299BF17160276008FDCE6 /* icon copy.png in Resources */ = {isa = PBXBuildFile; fileRef = 493299AF17160276008FDCE6 /* icon copy.png */; };
		493299C017160276008FDCE6 /* Icon@2x copy.png in Resources */ = {isa = PBXBuildFile; fileRef = 493299B017160276008FDCE6 /* Icon@2x copy.png */; };
		493299C117160276008FDCE6 /* swim_slider_thumb.png in Resources */ = {isa = PBXBuildFile; fileRef = 493299B117160276008FDCE6 /* swim_slider_thumb.png */; };
		493299C217160276008FDCE6 /* run_slider_thumb.png in Resources */ = {isa = PBXBuildFile; fileRef = 493299B217160276008FDCE6 /* run_slider_thumb.png */; };
		493299C317160276008FDCE6 /* t1_slider_thumb.png in Resources */ = {isa = PBXBuildFile; fileRef = 493299B317160276008FDCE6 /* t1_slider_thumb.png */; };
		493299C417160276008FDCE6 /* t2_slider_thumb.png in Resources */ = {isa = PBXBuildFile; fileRef = 493299B417160276008FDCE6 /* t2_slider_thumb.png */; };
		493299C517160276008FDCE6 /* bike_slider_thumb.png in Resources */ = {isa = PBXBuildFile; fileRef = 493299B517160276008FDCE6 /* bike_slider_thumb.png */; };
		493945DD170B72D300B8B390 /* swim_slider_purple.png in Resources */ = {isa = PBXBuildFile; fileRef = 493945DC170B72D300B8B390 /* swim_slider_purple.png */; };
		493945E1170B73BD00B8B390 /* run_slider_red.png in Resources */ = {isa = PBXBuildFile; fileRef = 493945DF170B73BD00B8B390 /* run_slider_red.png */; };
		493945E2170B73BD00B8B390 /* bike_slider_green.png in Resources */ = {isa = PBXBuildFile; fileRef = 493945E0170B73BD00B8B390 /* bike_slider_green.png */; };
		493945EC170B77D900B8B390 /* transition_slider_blue.png in Resources */ = {isa = PBXBuildFile; fileRef = 493945E9170B77D700B8B390 /* transition_slider_blue.png */; };
		493945FC170B7AB700B8B390 /* swim_slider_thumb_new.png in Resources */ = {isa = PBXBuildFile; fileRef = 493945FB170B7AB600B8B390 /* swim_slider_thumb_new.png */; };
		4943F958171F16F5007991A6 /* workoutList.sqlite in Resources */ = {isa = PBXBuildFile; fileRef = 4943F957171F16F5007991A6 /* workoutList.sqlite */; };
		49448D1C170DE27E002C52B5 /* QuartzCore.framework in Frameworks */ = {isa = PBXBuildFile; fileRef = 49448D1B170DE27E002C52B5 /* QuartzCore.framework */; };
		49448D1E170DE288002C52B5 /* ImageIO.framework in Frameworks */ = {isa = PBXBuildFile; fileRef = 49448D1D170DE288002C52B5 /* ImageIO.framework */; };
		494E0B4916E46A090032126A /* magnifying_glass@2x.mailtoloc in Resources */ = {isa = PBXBuildFile; fileRef = 494E0B4116E46A080032126A /* magnifying_glass@2x.mailtoloc */; };
		494E0B4A16E46A090032126A /* calculator@2x.png in Resources */ = {isa = PBXBuildFile; fileRef = 494E0B4216E46A080032126A /* calculator@2x.png */; };
		494E0B4B16E46A090032126A /* newspaper@2x.png in Resources */ = {isa = PBXBuildFile; fileRef = 494E0B4316E46A080032126A /* newspaper@2x.png */; };
		494E0B4C16E46A090032126A /* star@2x.png in Resources */ = {isa = PBXBuildFile; fileRef = 494E0B4416E46A090032126A /* star@2x.png */; };
		494E0B4D16E46A090032126A /* calculator.png in Resources */ = {isa = PBXBuildFile; fileRef = 494E0B4516E46A090032126A /* calculator.png */; };
		494E0B4E16E46A090032126A /* newspaper.png in Resources */ = {isa = PBXBuildFile; fileRef = 494E0B4616E46A090032126A /* newspaper.png */; };
		494E0B4F16E46A090032126A /* star.png in Resources */ = {isa = PBXBuildFile; fileRef = 494E0B4716E46A090032126A /* star.png */; };
		494E0B5016E46A090032126A /* magnifying_glass.png in Resources */ = {isa = PBXBuildFile; fileRef = 494E0B4816E46A090032126A /* magnifying_glass.png */; };
		496AEC971715DC1C00FE379E /* AddressBook.framework in Frameworks */ = {isa = PBXBuildFile; fileRef = 496AEC961715DC1C00FE379E /* AddressBook.framework */; };
		496AEC991715DC2500FE379E /* AudioToolbox.framework in Frameworks */ = {isa = PBXBuildFile; fileRef = 496AEC981715DC2500FE379E /* AudioToolbox.framework */; };
		496AEC9B1715DC3200FE379E /* AVFoundation.framework in Frameworks */ = {isa = PBXBuildFile; fileRef = 496AEC9A1715DC3200FE379E /* AVFoundation.framework */; };
		496AEC9D1715DC3D00FE379E /* CoreLocation.framework in Frameworks */ = {isa = PBXBuildFile; fileRef = 496AEC9C1715DC3D00FE379E /* CoreLocation.framework */; };
		496AEC9F1715DC4300FE379E /* MapKit.framework in Frameworks */ = {isa = PBXBuildFile; fileRef = 496AEC9E1715DC4300FE379E /* MapKit.framework */; };
		4973ED3A17012B7400036919 /* magnifying_glass@2x.png in Resources */ = {isa = PBXBuildFile; fileRef = 4973ED3917012B7400036919 /* magnifying_glass@2x.png */; };
		4973ED43170130F800036919 /* 63-runner@2x.png in Resources */ = {isa = PBXBuildFile; fileRef = 4973ED42170130F800036919 /* 63-runner@2x.png */; };
		49914A6F171375DD0005B67D /* checklistTableViewController.m in Sources */ = {isa = PBXBuildFile; fileRef = 49914A6D171375DD0005B67D /* checklistTableViewController.m */; };
		49946BE1171C834F00665062 /* icon.png in Resources */ = {isa = PBXBuildFile; fileRef = 49946BE0171C834F00665062 /* icon.png */; };
		49946BE3171C835700665062 /* Icon@2x.png in Resources */ = {isa = PBXBuildFile; fileRef = 49946BE2171C835700665062 /* Icon@2x.png */; };
		49946BE6171C839100665062 /* Icon-Small.png in Resources */ = {isa = PBXBuildFile; fileRef = 49946BE4171C839100665062 /* Icon-Small.png */; };
		49946BE7171C839100665062 /* Icon-Small@2x.png in Resources */ = {isa = PBXBuildFile; fileRef = 49946BE5171C839100665062 /* Icon-Small@2x.png */; };
		49A48C021711038200B3CE24 /* mail_icon.png in Resources */ = {isa = PBXBuildFile; fileRef = 49A48C011711038200B3CE24 /* mail_icon.png */; };
		49A48C06171106AA00B3CE24 /* twitter-bird-white-on-blue@2x.png in Resources */ = {isa = PBXBuildFile; fileRef = 49A48C03171106AA00B3CE24 /* twitter-bird-white-on-blue@2x.png */; };
		49A48C07171106AA00B3CE24 /* facebook_icon@2x.png in Resources */ = {isa = PBXBuildFile; fileRef = 49A48C04171106AA00B3CE24 /* facebook_icon@2x.png */; };
		49A48C08171106AA00B3CE24 /* mail_icon@2x.png in Resources */ = {isa = PBXBuildFile; fileRef = 49A48C05171106AA00B3CE24 /* mail_icon@2x.png */; };
		49AE5A0A16DFD47F008693A0 /* arss_header.png in Resources */ = {isa = PBXBuildFile; fileRef = 49AE5A0316DFD47F008693A0 /* arss_header.png */; };
		49AE5A0B16DFD47F008693A0 /* GTMNSString+HTML.m in Sources */ = {isa = PBXBuildFile; fileRef = 49AE5A0616DFD47F008693A0 /* GTMNSString+HTML.m */; settings = {COMPILER_FLAGS = "-fno-objc-arc"; }; };
		49AE5A0C16DFD47F008693A0 /* RXMLElement.m in Sources */ = {isa = PBXBuildFile; fileRef = 49AE5A0916DFD47F008693A0 /* RXMLElement.m */; };
		49AE5A0F16DFD603008693A0 /* detailViewController.m in Sources */ = {isa = PBXBuildFile; fileRef = 49AE5A0E16DFD603008693A0 /* detailViewController.m */; };
		49AE5A1216DFD934008693A0 /* TableHeaderView.m in Sources */ = {isa = PBXBuildFile; fileRef = 49AE5A1116DFD934008693A0 /* TableHeaderView.m */; };
		49AE5A1516DFDCE1008693A0 /* RSSLoader.m in Sources */ = {isa = PBXBuildFile; fileRef = 49AE5A1416DFDCE1008693A0 /* RSSLoader.m */; };
		49AE5A2216DFE905008693A0 /* MasterViewController.m in Sources */ = {isa = PBXBuildFile; fileRef = 49AE5A2116DFE905008693A0 /* MasterViewController.m */; };
		49AE5A2516DFE962008693A0 /* RSSItem.m in Sources */ = {isa = PBXBuildFile; fileRef = 49AE5A2416DFE962008693A0 /* RSSItem.m */; };
		49B6F09216FB8B8600846C1C /* RaceFinderViewController.m in Sources */ = {isa = PBXBuildFile; fileRef = 49B6F09116FB8B8600846C1C /* RaceFinderViewController.m */; };
		49B6F09516FBA8DC00846C1C /* 63-runner.png in Resources */ = {isa = PBXBuildFile; fileRef = 49B6F09416FBA8DC00846C1C /* 63-runner.png */; };
		49BE951D16B9A4170003A972 /* libsqlite3.0.dylib in Frameworks */ = {isa = PBXBuildFile; fileRef = 49BE951C16B9A4170003A972 /* libsqlite3.0.dylib */; };
		49CC28A0170E1A0C001FCF17 /* t1_slider_thumb@2x.png in Resources */ = {isa = PBXBuildFile; fileRef = 49CC289E170E1A0B001FCF17 /* t1_slider_thumb@2x.png */; };
		49CC28A1170E1A0C001FCF17 /* t2_slider_thumb@2x.png in Resources */ = {isa = PBXBuildFile; fileRef = 49CC289F170E1A0B001FCF17 /* t2_slider_thumb@2x.png */; };
		49CC28A6170E1BD2001FCF17 /* transition_slider_blue@2x.png in Resources */ = {isa = PBXBuildFile; fileRef = 49CC28A2170E1BCF001FCF17 /* transition_slider_blue@2x.png */; };
		49CC28A7170E1BD2001FCF17 /* swim_slider_purple@2x.png in Resources */ = {isa = PBXBuildFile; fileRef = 49CC28A3170E1BD0001FCF17 /* swim_slider_purple@2x.png */; };
		49CC28A8170E1BD2001FCF17 /* run_slider_red@2x.png in Resources */ = {isa = PBXBuildFile; fileRef = 49CC28A4170E1BD1001FCF17 /* run_slider_red@2x.png */; };
		49CC28A9170E1BD2001FCF17 /* bike_slider_green@2x.png in Resources */ = {isa = PBXBuildFile; fileRef = 49CC28A5170E1BD1001FCF17 /* bike_slider_green@2x.png */; };
		49CC28AB170FBC7E001FCF17 /* line.png in Resources */ = {isa = PBXBuildFile; fileRef = 49CC28AA170FBC7D001FCF17 /* line.png */; };
		49D4E5A816DFB5C20015383A /* libz.dylib in Frameworks */ = {isa = PBXBuildFile; fileRef = 49D4E5A716DFB5C20015383A /* libz.dylib */; };
		49D4E6BD16DFBAE70015383A /* libxml2.dylib in Frameworks */ = {isa = PBXBuildFile; fileRef = 49D4E6BC16DFBAE70015383A /* libxml2.dylib */; };
		49D4E6BF16DFBAF90015383A /* CFNetwork.framework in Frameworks */ = {isa = PBXBuildFile; fileRef = 49D4E6BE16DFBAF90015383A /* CFNetwork.framework */; };
		49D4E6C116DFBB0D0015383A /* CoreData.framework in Frameworks */ = {isa = PBXBuildFile; fileRef = 49D4E6C016DFBB0D0015383A /* CoreData.framework */; };
		49FC35E916D52CF00014EF4C /* iAd.framework in Frameworks */ = {isa = PBXBuildFile; fileRef = 49FC35E816D52CF00014EF4C /* iAd.framework */; };
		49FC35EF16D53FEF0014EF4C /* twitter-bird-white-on-blue.png in Resources */ = {isa = PBXBuildFile; fileRef = 49FC35EE16D53FEF0014EF4C /* twitter-bird-white-on-blue.png */; };
		49FC35F116D54DA60014EF4C /* Social.framework in Frameworks */ = {isa = PBXBuildFile; fileRef = 49FC35F016D54DA60014EF4C /* Social.framework */; };
		49FC35F516D552170014EF4C /* MessageUI.framework in Frameworks */ = {isa = PBXBuildFile; fileRef = 49FC35F416D552170014EF4C /* MessageUI.framework */; };
		49FC35F716D5567C0014EF4C /* facebook.png in Resources */ = {isa = PBXBuildFile; fileRef = 49FC35F616D5567C0014EF4C /* facebook.png */; };
		49FC35F916D556FE0014EF4C /* Accounts.framework in Frameworks */ = {isa = PBXBuildFile; fileRef = 49FC35F816D556FE0014EF4C /* Accounts.framework */; };
		49FECD5416D712DE00603071 /* calculatorViewController.m in Sources */ = {isa = PBXBuildFile; fileRef = 49FECD5316D712DE00603071 /* calculatorViewController.m */; };
/* End PBXBuildFile section */

/* Begin PBXFileReference section */
		4900215C172E029D00CD8437 /* refresh@2x.png */ = {isa = PBXFileReference; lastKnownFileType = image.png; path = "refresh@2x.png"; sourceTree = "<group>"; };
		4900215D172E029D00CD8437 /* refresh.png */ = {isa = PBXFileReference; lastKnownFileType = image.png; path = refresh.png; sourceTree = "<group>"; };
		49002160172E045600CD8437 /* forward_arrow.png */ = {isa = PBXFileReference; lastKnownFileType = image.png; path = forward_arrow.png; sourceTree = "<group>"; };
		49002161172E045600CD8437 /* back_arrow.png */ = {isa = PBXFileReference; lastKnownFileType = image.png; path = back_arrow.png; sourceTree = "<group>"; };
		49002164172E051600CD8437 /* back_arrow@2x.png */ = {isa = PBXFileReference; lastKnownFileType = image.png; path = "back_arrow@2x.png"; sourceTree = "<group>"; };
		49002165172E051600CD8437 /* forward_arrow@2x.png */ = {isa = PBXFileReference; lastKnownFileType = image.png; path = "forward_arrow@2x.png"; sourceTree = "<group>"; };
		4911EFFE16F381BE00B671DF /* SystemConfiguration.framework */ = {isa = PBXFileReference; lastKnownFileType = wrapper.framework; name = SystemConfiguration.framework; path = System/Library/Frameworks/SystemConfiguration.framework; sourceTree = SDKROOT; };
		4911F00016F381D300B671DF /* Reachability.h */ = {isa = PBXFileReference; fileEncoding = 4; lastKnownFileType = sourcecode.c.h; path = Reachability.h; sourceTree = "<group>"; };
		4911F00116F381D300B671DF /* Reachability.m */ = {isa = PBXFileReference; fileEncoding = 4; lastKnownFileType = sourcecode.c.objc; path = Reachability.m; sourceTree = "<group>"; };
		49300AC716B705A100F45D24 /* TriAlly.app */ = {isa = PBXFileReference; explicitFileType = wrapper.application; includeInIndex = 0; path = TriAlly.app; sourceTree = BUILT_PRODUCTS_DIR; };
		49300ACB16B705A100F45D24 /* UIKit.framework */ = {isa = PBXFileReference; lastKnownFileType = wrapper.framework; name = UIKit.framework; path = System/Library/Frameworks/UIKit.framework; sourceTree = SDKROOT; };
		49300ACD16B705A100F45D24 /* Foundation.framework */ = {isa = PBXFileReference; lastKnownFileType = wrapper.framework; name = Foundation.framework; path = System/Library/Frameworks/Foundation.framework; sourceTree = SDKROOT; };
		49300ACF16B705A100F45D24 /* CoreGraphics.framework */ = {isa = PBXFileReference; lastKnownFileType = wrapper.framework; name = CoreGraphics.framework; path = System/Library/Frameworks/CoreGraphics.framework; sourceTree = SDKROOT; };
		49300AD316B705A100F45D24 /* TriAlly-Info.plist */ = {isa = PBXFileReference; lastKnownFileType = text.plist.xml; path = "TriAlly-Info.plist"; sourceTree = "<group>"; };
		49300AD516B705A100F45D24 /* en */ = {isa = PBXFileReference; lastKnownFileType = text.plist.strings; name = en; path = en.lproj/InfoPlist.strings; sourceTree = "<group>"; };
		49300AD716B705A100F45D24 /* main.m */ = {isa = PBXFileReference; lastKnownFileType = sourcecode.c.objc; path = main.m; sourceTree = "<group>"; };
		49300AD916B705A100F45D24 /* TriAlly-Prefix.pch */ = {isa = PBXFileReference; lastKnownFileType = sourcecode.c.h; path = "TriAlly-Prefix.pch"; sourceTree = "<group>"; };
		49300ADA16B705A100F45D24 /* AppDelegate.h */ = {isa = PBXFileReference; lastKnownFileType = sourcecode.c.h; path = AppDelegate.h; sourceTree = "<group>"; };
		49300ADB16B705A100F45D24 /* AppDelegate.m */ = {isa = PBXFileReference; lastKnownFileType = sourcecode.c.objc; path = AppDelegate.m; sourceTree = "<group>"; };
		49300AE416B705A200F45D24 /* en */ = {isa = PBXFileReference; lastKnownFileType = file.storyboard; name = en; path = en.lproj/MainStoryboard.storyboard; sourceTree = "<group>"; };
		49300AE616B705A200F45D24 /* ViewController.h */ = {isa = PBXFileReference; lastKnownFileType = sourcecode.c.h; path = ViewController.h; sourceTree = "<group>"; };
		49300AE716B705A200F45D24 /* ViewController.m */ = {isa = PBXFileReference; lastKnownFileType = sourcecode.c.objc; path = ViewController.m; sourceTree = "<group>"; };
		49300AF916B724AD00F45D24 /* OrangeButton.png */ = {isa = PBXFileReference; lastKnownFileType = image.png; path = OrangeButton.png; sourceTree = "<group>"; };
		49300AFA16B724AD00F45D24 /* orangeButton@2x.png */ = {isa = PBXFileReference; lastKnownFileType = image.png; path = "orangeButton@2x.png"; sourceTree = "<group>"; };
		49300AFB16B724AD00F45D24 /* orangeButtonHighlight.png */ = {isa = PBXFileReference; lastKnownFileType = image.png; path = orangeButtonHighlight.png; sourceTree = "<group>"; };
		49300AFC16B724AD00F45D24 /* orangeButtonHighlight@2x.png */ = {isa = PBXFileReference; lastKnownFileType = image.png; path = "orangeButtonHighlight@2x.png"; sourceTree = "<group>"; };
		49300B0A16B77DF700F45D24 /* libsqlite3.dylib */ = {isa = PBXFileReference; lastKnownFileType = "compiled.mach-o.dylib"; name = libsqlite3.dylib; path = usr/lib/libsqlite3.dylib; sourceTree = SDKROOT; };
		49300B1016B7826300F45D24 /* MyWorkoutList.h */ = {isa = PBXFileReference; fileEncoding = 4; lastKnownFileType = sourcecode.c.h; path = MyWorkoutList.h; sourceTree = "<group>"; };
		49300B1116B7826300F45D24 /* MyWorkoutList.m */ = {isa = PBXFileReference; fileEncoding = 4; lastKnownFileType = sourcecode.c.objc; path = MyWorkoutList.m; sourceTree = "<group>"; };
		493298011715F7A2008FDCE6 /* StoreKit.framework */ = {isa = PBXFileReference; lastKnownFileType = wrapper.framework; name = StoreKit.framework; path = System/Library/Frameworks/StoreKit.framework; sourceTree = SDKROOT; };
		493298031715F7C5008FDCE6 /* AdSupport.framework */ = {isa = PBXFileReference; lastKnownFileType = wrapper.framework; name = AdSupport.framework; path = System/Library/Frameworks/AdSupport.framework; sourceTree = SDKROOT; };
		493299A617160276008FDCE6 /* rss_icon.png */ = {isa = PBXFileReference; lastKnownFileType = image.png; path = rss_icon.png; sourceTree = "<group>"; };
		493299A717160276008FDCE6 /* rss_icon@2x.png */ = {isa = PBXFileReference; lastKnownFileType = image.png; path = "rss_icon@2x.png"; sourceTree = "<group>"; };
		493299A817160276008FDCE6 /* swim_slider_thumb_new@2x.png */ = {isa = PBXFileReference; lastKnownFileType = image.png; path = "swim_slider_thumb_new@2x.png"; sourceTree = "<group>"; };
		493299A917160276008FDCE6 /* swim_slider_thumb@2x.png */ = {isa = PBXFileReference; lastKnownFileType = image.png; path = "swim_slider_thumb@2x.png"; sourceTree = "<group>"; };
		493299AA17160276008FDCE6 /* run_slider_thumb@2x.png */ = {isa = PBXFileReference; lastKnownFileType = image.png; path = "run_slider_thumb@2x.png"; sourceTree = "<group>"; };
		493299AB17160276008FDCE6 /* bike_slider_thumb@2x.png */ = {isa = PBXFileReference; lastKnownFileType = image.png; path = "bike_slider_thumb@2x.png"; sourceTree = "<group>"; };
		493299AC17160276008FDCE6 /* Default-568h@2x.png */ = {isa = PBXFileReference; lastKnownFileType = image.png; name = "Default-568h@2x.png"; path = "images/Default-568h@2x.png"; sourceTree = "<group>"; };
		493299AD17160276008FDCE6 /* Default@2x.png */ = {isa = PBXFileReference; lastKnownFileType = image.png; name = "Default@2x.png"; path = "images/Default@2x.png"; sourceTree = "<group>"; };
		493299AE17160276008FDCE6 /* Default.png */ = {isa = PBXFileReference; lastKnownFileType = image.png; name = Default.png; path = images/Default.png; sourceTree = "<group>"; };
		493299AF17160276008FDCE6 /* icon copy.png */ = {isa = PBXFileReference; lastKnownFileType = image.png; path = "icon copy.png"; sourceTree = "<group>"; };
		493299B017160276008FDCE6 /* Icon@2x copy.png */ = {isa = PBXFileReference; lastKnownFileType = image.png; path = "Icon@2x copy.png"; sourceTree = "<group>"; };
		493299B117160276008FDCE6 /* swim_slider_thumb.png */ = {isa = PBXFileReference; lastKnownFileType = image.png; path = swim_slider_thumb.png; sourceTree = "<group>"; };
		493299B217160276008FDCE6 /* run_slider_thumb.png */ = {isa = PBXFileReference; lastKnownFileType = image.png; path = run_slider_thumb.png; sourceTree = "<group>"; };
		493299B317160276008FDCE6 /* t1_slider_thumb.png */ = {isa = PBXFileReference; lastKnownFileType = image.png; path = t1_slider_thumb.png; sourceTree = "<group>"; };
		493299B417160276008FDCE6 /* t2_slider_thumb.png */ = {isa = PBXFileReference; lastKnownFileType = image.png; path = t2_slider_thumb.png; sourceTree = "<group>"; };
		493299B517160276008FDCE6 /* bike_slider_thumb.png */ = {isa = PBXFileReference; lastKnownFileType = image.png; path = bike_slider_thumb.png; sourceTree = "<group>"; };
		493945DC170B72D300B8B390 /* swim_slider_purple.png */ = {isa = PBXFileReference; lastKnownFileType = image.png; path = swim_slider_purple.png; sourceTree = "<group>"; };
		493945DF170B73BD00B8B390 /* run_slider_red.png */ = {isa = PBXFileReference; lastKnownFileType = image.png; path = run_slider_red.png; sourceTree = "<group>"; };
		493945E0170B73BD00B8B390 /* bike_slider_green.png */ = {isa = PBXFileReference; lastKnownFileType = image.png; path = bike_slider_green.png; sourceTree = "<group>"; };
		493945E9170B77D700B8B390 /* transition_slider_blue.png */ = {isa = PBXFileReference; lastKnownFileType = image.png; path = transition_slider_blue.png; sourceTree = "<group>"; };
		493945FB170B7AB600B8B390 /* swim_slider_thumb_new.png */ = {isa = PBXFileReference; lastKnownFileType = image.png; path = swim_slider_thumb_new.png; sourceTree = "<group>"; };
		4943F957171F16F5007991A6 /* workoutList.sqlite */ = {isa = PBXFileReference; lastKnownFileType = file; path = workoutList.sqlite; sourceTree = "<group>"; };
		49448D1B170DE27E002C52B5 /* QuartzCore.framework */ = {isa = PBXFileReference; lastKnownFileType = wrapper.framework; name = QuartzCore.framework; path = System/Library/Frameworks/QuartzCore.framework; sourceTree = SDKROOT; };
		49448D1D170DE288002C52B5 /* ImageIO.framework */ = {isa = PBXFileReference; lastKnownFileType = wrapper.framework; name = ImageIO.framework; path = System/Library/Frameworks/ImageIO.framework; sourceTree = SDKROOT; };
		494E0B4116E46A080032126A /* magnifying_glass@2x.mailtoloc */ = {isa = PBXFileReference; fileEncoding = 4; lastKnownFileType = text.xml; path = "magnifying_glass@2x.mailtoloc"; sourceTree = "<group>"; };
		494E0B4216E46A080032126A /* calculator@2x.png */ = {isa = PBXFileReference; lastKnownFileType = image.png; path = "calculator@2x.png"; sourceTree = "<group>"; };
		494E0B4316E46A080032126A /* newspaper@2x.png */ = {isa = PBXFileReference; lastKnownFileType = image.png; path = "newspaper@2x.png"; sourceTree = "<group>"; };
		494E0B4416E46A090032126A /* star@2x.png */ = {isa = PBXFileReference; lastKnownFileType = image.png; path = "star@2x.png"; sourceTree = "<group>"; };
		494E0B4516E46A090032126A /* calculator.png */ = {isa = PBXFileReference; lastKnownFileType = image.png; path = calculator.png; sourceTree = "<group>"; };
		494E0B4616E46A090032126A /* newspaper.png */ = {isa = PBXFileReference; lastKnownFileType = image.png; path = newspaper.png; sourceTree = "<group>"; };
		494E0B4716E46A090032126A /* star.png */ = {isa = PBXFileReference; lastKnownFileType = image.png; path = star.png; sourceTree = "<group>"; };
		494E0B4816E46A090032126A /* magnifying_glass.png */ = {isa = PBXFileReference; lastKnownFileType = image.png; path = magnifying_glass.png; sourceTree = "<group>"; };
		496AEC961715DC1C00FE379E /* AddressBook.framework */ = {isa = PBXFileReference; lastKnownFileType = wrapper.framework; name = AddressBook.framework; path = System/Library/Frameworks/AddressBook.framework; sourceTree = SDKROOT; };
		496AEC981715DC2500FE379E /* AudioToolbox.framework */ = {isa = PBXFileReference; lastKnownFileType = wrapper.framework; name = AudioToolbox.framework; path = System/Library/Frameworks/AudioToolbox.framework; sourceTree = SDKROOT; };
		496AEC9A1715DC3200FE379E /* AVFoundation.framework */ = {isa = PBXFileReference; lastKnownFileType = wrapper.framework; name = AVFoundation.framework; path = System/Library/Frameworks/AVFoundation.framework; sourceTree = SDKROOT; };
		496AEC9C1715DC3D00FE379E /* CoreLocation.framework */ = {isa = PBXFileReference; lastKnownFileType = wrapper.framework; name = CoreLocation.framework; path = System/Library/Frameworks/CoreLocation.framework; sourceTree = SDKROOT; };
		496AEC9E1715DC4300FE379E /* MapKit.framework */ = {isa = PBXFileReference; lastKnownFileType = wrapper.framework; name = MapKit.framework; path = System/Library/Frameworks/MapKit.framework; sourceTree = SDKROOT; };
		4973ED3917012B7400036919 /* magnifying_glass@2x.png */ = {isa = PBXFileReference; lastKnownFileType = image.png; path = "magnifying_glass@2x.png"; sourceTree = "<group>"; };
		4973ED42170130F800036919 /* 63-runner@2x.png */ = {isa = PBXFileReference; lastKnownFileType = image.png; path = "63-runner@2x.png"; sourceTree = "<group>"; };
		49914A6D171375DD0005B67D /* checklistTableViewController.m */ = {isa = PBXFileReference; fileEncoding = 4; lastKnownFileType = sourcecode.c.objc; path = checklistTableViewController.m; sourceTree = "<group>"; };
		49914A6E171375DD0005B67D /* checklistTableViewController.h */ = {isa = PBXFileReference; fileEncoding = 4; lastKnownFileType = sourcecode.c.h; path = checklistTableViewController.h; sourceTree = "<group>"; };
		49946BE0171C834F00665062 /* icon.png */ = {isa = PBXFileReference; lastKnownFileType = image.png; name = icon.png; path = ../icon.png; sourceTree = "<group>"; };
		49946BE2171C835700665062 /* Icon@2x.png */ = {isa = PBXFileReference; lastKnownFileType = image.png; name = "Icon@2x.png"; path = "../Icon@2x.png"; sourceTree = "<group>"; };
		49946BE4171C839100665062 /* Icon-Small.png */ = {isa = PBXFileReference; lastKnownFileType = image.png; path = "Icon-Small.png"; sourceTree = "<group>"; };
		49946BE5171C839100665062 /* Icon-Small@2x.png */ = {isa = PBXFileReference; lastKnownFileType = image.png; path = "Icon-Small@2x.png"; sourceTree = "<group>"; };
		49A48C011711038200B3CE24 /* mail_icon.png */ = {isa = PBXFileReference; lastKnownFileType = image.png; name = mail_icon.png; path = ../mail_icon.png; sourceTree = "<group>"; };
		49A48C03171106AA00B3CE24 /* twitter-bird-white-on-blue@2x.png */ = {isa = PBXFileReference; lastKnownFileType = image.png; path = "twitter-bird-white-on-blue@2x.png"; sourceTree = "<group>"; };
		49A48C04171106AA00B3CE24 /* facebook_icon@2x.png */ = {isa = PBXFileReference; lastKnownFileType = image.png; path = "facebook_icon@2x.png"; sourceTree = "<group>"; };
		49A48C05171106AA00B3CE24 /* mail_icon@2x.png */ = {isa = PBXFileReference; lastKnownFileType = image.png; path = "mail_icon@2x.png"; sourceTree = "<group>"; };
		49AE5A0316DFD47F008693A0 /* arss_header.png */ = {isa = PBXFileReference; lastKnownFileType = image.png; name = arss_header.png; path = ../../ARSS_files/arss_header.png; sourceTree = "<group>"; };
		49AE5A0516DFD47F008693A0 /* GTMNSString+HTML.h */ = {isa = PBXFileReference; fileEncoding = 4; lastKnownFileType = sourcecode.c.h; path = "GTMNSString+HTML.h"; sourceTree = "<group>"; };
		49AE5A0616DFD47F008693A0 /* GTMNSString+HTML.m */ = {isa = PBXFileReference; fileEncoding = 4; lastKnownFileType = sourcecode.c.objc; path = "GTMNSString+HTML.m"; sourceTree = "<group>"; };
		49AE5A0816DFD47F008693A0 /* RXMLElement.h */ = {isa = PBXFileReference; fileEncoding = 4; lastKnownFileType = sourcecode.c.h; path = RXMLElement.h; sourceTree = "<group>"; };
		49AE5A0916DFD47F008693A0 /* RXMLElement.m */ = {isa = PBXFileReference; fileEncoding = 4; lastKnownFileType = sourcecode.c.objc; path = RXMLElement.m; sourceTree = "<group>"; };
		49AE5A0D16DFD603008693A0 /* detailViewController.h */ = {isa = PBXFileReference; fileEncoding = 4; lastKnownFileType = sourcecode.c.h; path = detailViewController.h; sourceTree = "<group>"; };
		49AE5A0E16DFD603008693A0 /* detailViewController.m */ = {isa = PBXFileReference; fileEncoding = 4; lastKnownFileType = sourcecode.c.objc; path = detailViewController.m; sourceTree = "<group>"; };
		49AE5A1016DFD934008693A0 /* TableHeaderView.h */ = {isa = PBXFileReference; fileEncoding = 4; lastKnownFileType = sourcecode.c.h; path = TableHeaderView.h; sourceTree = "<group>"; };
		49AE5A1116DFD934008693A0 /* TableHeaderView.m */ = {isa = PBXFileReference; fileEncoding = 4; lastKnownFileType = sourcecode.c.objc; path = TableHeaderView.m; sourceTree = "<group>"; };
		49AE5A1316DFDCE1008693A0 /* RSSLoader.h */ = {isa = PBXFileReference; fileEncoding = 4; lastKnownFileType = sourcecode.c.h; path = RSSLoader.h; sourceTree = "<group>"; };
		49AE5A1416DFDCE1008693A0 /* RSSLoader.m */ = {isa = PBXFileReference; fileEncoding = 4; lastKnownFileType = sourcecode.c.objc; path = RSSLoader.m; sourceTree = "<group>"; };
		49AE5A2016DFE905008693A0 /* MasterViewController.h */ = {isa = PBXFileReference; fileEncoding = 4; lastKnownFileType = sourcecode.c.h; path = MasterViewController.h; sourceTree = "<group>"; };
		49AE5A2116DFE905008693A0 /* MasterViewController.m */ = {isa = PBXFileReference; fileEncoding = 4; lastKnownFileType = sourcecode.c.objc; path = MasterViewController.m; sourceTree = "<group>"; };
		49AE5A2316DFE962008693A0 /* RSSItem.h */ = {isa = PBXFileReference; fileEncoding = 4; lastKnownFileType = sourcecode.c.h; path = RSSItem.h; sourceTree = "<group>"; };
		49AE5A2416DFE962008693A0 /* RSSItem.m */ = {isa = PBXFileReference; fileEncoding = 4; lastKnownFileType = sourcecode.c.objc; path = RSSItem.m; sourceTree = "<group>"; };
		49B6F09016FB8B8600846C1C /* RaceFinderViewController.h */ = {isa = PBXFileReference; fileEncoding = 4; lastKnownFileType = sourcecode.c.h; path = RaceFinderViewController.h; sourceTree = "<group>"; };
		49B6F09116FB8B8600846C1C /* RaceFinderViewController.m */ = {isa = PBXFileReference; fileEncoding = 4; lastKnownFileType = sourcecode.c.objc; path = RaceFinderViewController.m; sourceTree = "<group>"; };
		49B6F09416FBA8DC00846C1C /* 63-runner.png */ = {isa = PBXFileReference; lastKnownFileType = image.png; path = "63-runner.png"; sourceTree = "<group>"; };
		49BE951C16B9A4170003A972 /* libsqlite3.0.dylib */ = {isa = PBXFileReference; lastKnownFileType = "compiled.mach-o.dylib"; name = libsqlite3.0.dylib; path = usr/lib/libsqlite3.0.dylib; sourceTree = SDKROOT; };
		49CC289E170E1A0B001FCF17 /* t1_slider_thumb@2x.png */ = {isa = PBXFileReference; lastKnownFileType = image.png; path = "t1_slider_thumb@2x.png"; sourceTree = "<group>"; };
		49CC289F170E1A0B001FCF17 /* t2_slider_thumb@2x.png */ = {isa = PBXFileReference; lastKnownFileType = image.png; path = "t2_slider_thumb@2x.png"; sourceTree = "<group>"; };
		49CC28A2170E1BCF001FCF17 /* transition_slider_blue@2x.png */ = {isa = PBXFileReference; lastKnownFileType = image.png; path = "transition_slider_blue@2x.png"; sourceTree = "<group>"; };
		49CC28A3170E1BD0001FCF17 /* swim_slider_purple@2x.png */ = {isa = PBXFileReference; lastKnownFileType = image.png; path = "swim_slider_purple@2x.png"; sourceTree = "<group>"; };
		49CC28A4170E1BD1001FCF17 /* run_slider_red@2x.png */ = {isa = PBXFileReference; lastKnownFileType = image.png; path = "run_slider_red@2x.png"; sourceTree = "<group>"; };
		49CC28A5170E1BD1001FCF17 /* bike_slider_green@2x.png */ = {isa = PBXFileReference; lastKnownFileType = image.png; path = "bike_slider_green@2x.png"; sourceTree = "<group>"; };
		49CC28AA170FBC7D001FCF17 /* line.png */ = {isa = PBXFileReference; lastKnownFileType = image.png; name = line.png; path = ../line.png; sourceTree = "<group>"; };
		49D4E5A716DFB5C20015383A /* libz.dylib */ = {isa = PBXFileReference; lastKnownFileType = "compiled.mach-o.dylib"; name = libz.dylib; path = usr/lib/libz.dylib; sourceTree = SDKROOT; };
		49D4E6BC16DFBAE70015383A /* libxml2.dylib */ = {isa = PBXFileReference; lastKnownFileType = "compiled.mach-o.dylib"; name = libxml2.dylib; path = usr/lib/libxml2.dylib; sourceTree = SDKROOT; };
		49D4E6BE16DFBAF90015383A /* CFNetwork.framework */ = {isa = PBXFileReference; lastKnownFileType = wrapper.framework; name = CFNetwork.framework; path = System/Library/Frameworks/CFNetwork.framework; sourceTree = SDKROOT; };
		49D4E6C016DFBB0D0015383A /* CoreData.framework */ = {isa = PBXFileReference; lastKnownFileType = wrapper.framework; name = CoreData.framework; path = System/Library/Frameworks/CoreData.framework; sourceTree = SDKROOT; };
		49FC35E816D52CF00014EF4C /* iAd.framework */ = {isa = PBXFileReference; lastKnownFileType = wrapper.framework; name = iAd.framework; path = System/Library/Frameworks/iAd.framework; sourceTree = SDKROOT; };
		49FC35EA16D53C270014EF4C /* Twitter.framework */ = {isa = PBXFileReference; lastKnownFileType = wrapper.framework; name = Twitter.framework; path = System/Library/Frameworks/Twitter.framework; sourceTree = SDKROOT; };
		49FC35EE16D53FEF0014EF4C /* twitter-bird-white-on-blue.png */ = {isa = PBXFileReference; lastKnownFileType = image.png; path = "twitter-bird-white-on-blue.png"; sourceTree = "<group>"; };
		49FC35F016D54DA60014EF4C /* Social.framework */ = {isa = PBXFileReference; lastKnownFileType = wrapper.framework; name = Social.framework; path = System/Library/Frameworks/Social.framework; sourceTree = SDKROOT; };
		49FC35F416D552170014EF4C /* MessageUI.framework */ = {isa = PBXFileReference; lastKnownFileType = wrapper.framework; name = MessageUI.framework; path = System/Library/Frameworks/MessageUI.framework; sourceTree = SDKROOT; };
		49FC35F616D5567C0014EF4C /* facebook.png */ = {isa = PBXFileReference; lastKnownFileType = image.png; path = facebook.png; sourceTree = "<group>"; };
		49FC35F816D556FE0014EF4C /* Accounts.framework */ = {isa = PBXFileReference; lastKnownFileType = wrapper.framework; name = Accounts.framework; path = System/Library/Frameworks/Accounts.framework; sourceTree = SDKROOT; };
		49FECD5216D712DE00603071 /* calculatorViewController.h */ = {isa = PBXFileReference; fileEncoding = 4; lastKnownFileType = sourcecode.c.h; path = calculatorViewController.h; sourceTree = "<group>"; };
		49FECD5316D712DE00603071 /* calculatorViewController.m */ = {isa = PBXFileReference; fileEncoding = 4; lastKnownFileType = sourcecode.c.objc; path = calculatorViewController.m; sourceTree = "<group>"; };
/* End PBXFileReference section */

/* Begin PBXFrameworksBuildPhase section */
		49300AC416B705A100F45D24 /* Frameworks */ = {
			isa = PBXFrameworksBuildPhase;
			buildActionMask = 2147483647;
			files = (
				493298041715F7C5008FDCE6 /* AdSupport.framework in Frameworks */,
				493298021715F7A2008FDCE6 /* StoreKit.framework in Frameworks */,
				496AEC9F1715DC4300FE379E /* MapKit.framework in Frameworks */,
				496AEC9D1715DC3D00FE379E /* CoreLocation.framework in Frameworks */,
				496AEC9B1715DC3200FE379E /* AVFoundation.framework in Frameworks */,
				496AEC991715DC2500FE379E /* AudioToolbox.framework in Frameworks */,
				496AEC971715DC1C00FE379E /* AddressBook.framework in Frameworks */,
				49448D1E170DE288002C52B5 /* ImageIO.framework in Frameworks */,
				49448D1C170DE27E002C52B5 /* QuartzCore.framework in Frameworks */,
				4911EFFF16F381BE00B671DF /* SystemConfiguration.framework in Frameworks */,
				49D4E6C116DFBB0D0015383A /* CoreData.framework in Frameworks */,
				49D4E6BF16DFBAF90015383A /* CFNetwork.framework in Frameworks */,
				49D4E6BD16DFBAE70015383A /* libxml2.dylib in Frameworks */,
				49D4E5A816DFB5C20015383A /* libz.dylib in Frameworks */,
				49FC35F916D556FE0014EF4C /* Accounts.framework in Frameworks */,
				49FC35F516D552170014EF4C /* MessageUI.framework in Frameworks */,
				49FC35F116D54DA60014EF4C /* Social.framework in Frameworks */,
				49FC35E916D52CF00014EF4C /* iAd.framework in Frameworks */,
				49BE951D16B9A4170003A972 /* libsqlite3.0.dylib in Frameworks */,
				49300ACC16B705A100F45D24 /* UIKit.framework in Frameworks */,
				49300ACE16B705A100F45D24 /* Foundation.framework in Frameworks */,
				49300AD016B705A100F45D24 /* CoreGraphics.framework in Frameworks */,
			);
			runOnlyForDeploymentPostprocessing = 0;
		};
/* End PBXFrameworksBuildPhase section */

/* Begin PBXGroup section */
		49300ABC16B705A100F45D24 = {
			isa = PBXGroup;
			children = (
				49002164172E051600CD8437 /* back_arrow@2x.png */,
				49002165172E051600CD8437 /* forward_arrow@2x.png */,
				49002160172E045600CD8437 /* forward_arrow.png */,
				49002161172E045600CD8437 /* back_arrow.png */,
				49AE5A0216DFD47F008693A0 /* Background Files */,
				49300AD116B705A100F45D24 /* TriAlly */,
				49300ACA16B705A100F45D24 /* Frameworks */,
				49300AC816B705A100F45D24 /* Products */,
			);
			sourceTree = "<group>";
		};
		49300AC816B705A100F45D24 /* Products */ = {
			isa = PBXGroup;
			children = (
				49300AC716B705A100F45D24 /* TriAlly.app */,
			);
			name = Products;
			sourceTree = "<group>";
		};
		49300ACA16B705A100F45D24 /* Frameworks */ = {
			isa = PBXGroup;
			children = (
				493298031715F7C5008FDCE6 /* AdSupport.framework */,
				493298011715F7A2008FDCE6 /* StoreKit.framework */,
				496AEC9E1715DC4300FE379E /* MapKit.framework */,
				496AEC9C1715DC3D00FE379E /* CoreLocation.framework */,
				496AEC9A1715DC3200FE379E /* AVFoundation.framework */,
				496AEC981715DC2500FE379E /* AudioToolbox.framework */,
				496AEC961715DC1C00FE379E /* AddressBook.framework */,
				49448D1D170DE288002C52B5 /* ImageIO.framework */,
				49448D1B170DE27E002C52B5 /* QuartzCore.framework */,
				4911EFFE16F381BE00B671DF /* SystemConfiguration.framework */,
				49D4E6C016DFBB0D0015383A /* CoreData.framework */,
				49D4E6BE16DFBAF90015383A /* CFNetwork.framework */,
				49D4E6BC16DFBAE70015383A /* libxml2.dylib */,
				49D4E5A716DFB5C20015383A /* libz.dylib */,
				49FC35F816D556FE0014EF4C /* Accounts.framework */,
				49FC35F416D552170014EF4C /* MessageUI.framework */,
				49FC35F016D54DA60014EF4C /* Social.framework */,
				49FC35EA16D53C270014EF4C /* Twitter.framework */,
				49FC35E816D52CF00014EF4C /* iAd.framework */,
				49BE951C16B9A4170003A972 /* libsqlite3.0.dylib */,
				49300B0A16B77DF700F45D24 /* libsqlite3.dylib */,
				49300ACB16B705A100F45D24 /* UIKit.framework */,
				49300ACD16B705A100F45D24 /* Foundation.framework */,
				49300ACF16B705A100F45D24 /* CoreGraphics.framework */,
			);
			name = Frameworks;
			sourceTree = "<group>";
		};
		49300AD116B705A100F45D24 /* TriAlly */ = {
			isa = PBXGroup;
			children = (
				49300AE316B705A200F45D24 /* MainStoryboard.storyboard */,
				49300AF716B724AD00F45D24 /* images */,
				49300ADA16B705A100F45D24 /* AppDelegate.h */,
				4943F957171F16F5007991A6 /* workoutList.sqlite */,
				49300ADB16B705A100F45D24 /* AppDelegate.m */,
				494E0B3F16E4675F0032126A /* workout finder controllers */,
				49B6F09316FB8ED400846C1C /* Race Finder View Controllers */,
				494E0B3E16E4671B0032126A /* Resources Controllers */,
				494E0B4016E4677A0032126A /* Calculator View Controllers */,
				49AE5A1E16DFE80F008693A0 /* RSS View Controllers */,
				49300AD216B705A100F45D24 /* Supporting Files */,
			);
			name = TriAlly;
			path = TriShake;
			sourceTree = "<group>";
		};
		49300AD216B705A100F45D24 /* Supporting Files */ = {
			isa = PBXGroup;
			children = (
				49946BE4171C839100665062 /* Icon-Small.png */,
				49946BE5171C839100665062 /* Icon-Small@2x.png */,
				49946BE2171C835700665062 /* Icon@2x.png */,
				49946BE0171C834F00665062 /* icon.png */,
				493299AC17160276008FDCE6 /* Default-568h@2x.png */,
				493299AD17160276008FDCE6 /* Default@2x.png */,
				493299AE17160276008FDCE6 /* Default.png */,
				49300AD316B705A100F45D24 /* TriAlly-Info.plist */,
				49300AD416B705A100F45D24 /* InfoPlist.strings */,
				49300AD716B705A100F45D24 /* main.m */,
				49300AD916B705A100F45D24 /* TriAlly-Prefix.pch */,
			);
			name = "Supporting Files";
			sourceTree = "<group>";
		};
		49300AF716B724AD00F45D24 /* images */ = {
			isa = PBXGroup;
			children = (
				4900215C172E029D00CD8437 /* refresh@2x.png */,
				4900215D172E029D00CD8437 /* refresh.png */,
				493299A617160276008FDCE6 /* rss_icon.png */,
				493299A717160276008FDCE6 /* rss_icon@2x.png */,
				493299A817160276008FDCE6 /* swim_slider_thumb_new@2x.png */,
				493299A917160276008FDCE6 /* swim_slider_thumb@2x.png */,
				493299AA17160276008FDCE6 /* run_slider_thumb@2x.png */,
				493299AB17160276008FDCE6 /* bike_slider_thumb@2x.png */,
				493299AF17160276008FDCE6 /* icon copy.png */,
				493299B017160276008FDCE6 /* Icon@2x copy.png */,
				493299B117160276008FDCE6 /* swim_slider_thumb.png */,
				493299B217160276008FDCE6 /* run_slider_thumb.png */,
				493299B317160276008FDCE6 /* t1_slider_thumb.png */,
				493299B417160276008FDCE6 /* t2_slider_thumb.png */,
				493299B517160276008FDCE6 /* bike_slider_thumb.png */,
				49A48C03171106AA00B3CE24 /* twitter-bird-white-on-blue@2x.png */,
				49A48C04171106AA00B3CE24 /* facebook_icon@2x.png */,
				49A48C05171106AA00B3CE24 /* mail_icon@2x.png */,
				49A48C011711038200B3CE24 /* mail_icon.png */,
				49CC28AA170FBC7D001FCF17 /* line.png */,
				493945FB170B7AB600B8B390 /* swim_slider_thumb_new.png */,
				49CC289E170E1A0B001FCF17 /* t1_slider_thumb@2x.png */,
				49CC289F170E1A0B001FCF17 /* t2_slider_thumb@2x.png */,
				493945E9170B77D700B8B390 /* transition_slider_blue.png */,
				49CC28A2170E1BCF001FCF17 /* transition_slider_blue@2x.png */,
				49CC28A3170E1BD0001FCF17 /* swim_slider_purple@2x.png */,
				49CC28A4170E1BD1001FCF17 /* run_slider_red@2x.png */,
				49CC28A5170E1BD1001FCF17 /* bike_slider_green@2x.png */,
				493945DF170B73BD00B8B390 /* run_slider_red.png */,
				493945E0170B73BD00B8B390 /* bike_slider_green.png */,
				493945DC170B72D300B8B390 /* swim_slider_purple.png */,
				4973ED42170130F800036919 /* 63-runner@2x.png */,
				4973ED3917012B7400036919 /* magnifying_glass@2x.png */,
				49B6F09416FBA8DC00846C1C /* 63-runner.png */,
				494E0B4116E46A080032126A /* magnifying_glass@2x.mailtoloc */,
				494E0B4216E46A080032126A /* calculator@2x.png */,
				494E0B4316E46A080032126A /* newspaper@2x.png */,
				494E0B4416E46A090032126A /* star@2x.png */,
				494E0B4516E46A090032126A /* calculator.png */,
				494E0B4616E46A090032126A /* newspaper.png */,
				494E0B4716E46A090032126A /* star.png */,
				494E0B4816E46A090032126A /* magnifying_glass.png */,
				49AE5A0316DFD47F008693A0 /* arss_header.png */,
				49FC35EE16D53FEF0014EF4C /* twitter-bird-white-on-blue.png */,
				49FC35F616D5567C0014EF4C /* facebook.png */,
				49300AF916B724AD00F45D24 /* OrangeButton.png */,
				49300AFA16B724AD00F45D24 /* orangeButton@2x.png */,
				49300AFB16B724AD00F45D24 /* orangeButtonHighlight.png */,
				49300AFC16B724AD00F45D24 /* orangeButtonHighlight@2x.png */,
			);
			path = images;
			sourceTree = "<group>";
		};
		494E0B3E16E4671B0032126A /* Resources Controllers */ = {
			isa = PBXGroup;
			children = (
				49914A6E171375DD0005B67D /* checklistTableViewController.h */,
				49914A6D171375DD0005B67D /* checklistTableViewController.m */,
			);
			name = "Resources Controllers";
			sourceTree = "<group>";
		};
		494E0B3F16E4675F0032126A /* workout finder controllers */ = {
			isa = PBXGroup;
			children = (
				49300B1016B7826300F45D24 /* MyWorkoutList.h */,
				49300B1116B7826300F45D24 /* MyWorkoutList.m */,
				49300AE616B705A200F45D24 /* ViewController.h */,
				49300AE716B705A200F45D24 /* ViewController.m */,
			);
			name = "workout finder controllers";
			sourceTree = "<group>";
		};
		494E0B4016E4677A0032126A /* Calculator View Controllers */ = {
			isa = PBXGroup;
			children = (
				49FECD5216D712DE00603071 /* calculatorViewController.h */,
				49FECD5316D712DE00603071 /* calculatorViewController.m */,
			);
			name = "Calculator View Controllers";
			sourceTree = "<group>";
		};
		49AE5A0216DFD47F008693A0 /* Background Files */ = {
			isa = PBXGroup;
			children = (
				49AE5A1916DFE2AC008693A0 /* RSS Feeder */,
				49AE5A0416DFD47F008693A0 /* GTMNSString+HTML */,
				49AE5A0716DFD47F008693A0 /* RaptureXML */,
			);
			name = "Background Files";
			path = ARSS_files;
			sourceTree = "<group>";
		};
		49AE5A0416DFD47F008693A0 /* GTMNSString+HTML */ = {
			isa = PBXGroup;
			children = (
				49AE5A0516DFD47F008693A0 /* GTMNSString+HTML.h */,
				49AE5A0616DFD47F008693A0 /* GTMNSString+HTML.m */,
			);
			path = "GTMNSString+HTML";
			sourceTree = "<group>";
		};
		49AE5A0716DFD47F008693A0 /* RaptureXML */ = {
			isa = PBXGroup;
			children = (
				49AE5A0816DFD47F008693A0 /* RXMLElement.h */,
				49AE5A0916DFD47F008693A0 /* RXMLElement.m */,
			);
			path = RaptureXML;
			sourceTree = "<group>";
		};
		49AE5A1916DFE2AC008693A0 /* RSS Feeder */ = {
			isa = PBXGroup;
			children = (
				49AE5A2316DFE962008693A0 /* RSSItem.h */,
				49AE5A2416DFE962008693A0 /* RSSItem.m */,
				49AE5A1316DFDCE1008693A0 /* RSSLoader.h */,
				49AE5A1416DFDCE1008693A0 /* RSSLoader.m */,
				49AE5A1016DFD934008693A0 /* TableHeaderView.h */,
				49AE5A1116DFD934008693A0 /* TableHeaderView.m */,
			);
			name = "RSS Feeder";
			path = ../TriShake;
			sourceTree = "<group>";
		};
		49AE5A1E16DFE80F008693A0 /* RSS View Controllers */ = {
			isa = PBXGroup;
			children = (
				49AE5A2016DFE905008693A0 /* MasterViewController.h */,
				49AE5A2116DFE905008693A0 /* MasterViewController.m */,
				4911F00016F381D300B671DF /* Reachability.h */,
				4911F00116F381D300B671DF /* Reachability.m */,
				49AE5A0D16DFD603008693A0 /* detailViewController.h */,
				49AE5A0E16DFD603008693A0 /* detailViewController.m */,
			);
			name = "RSS View Controllers";
			sourceTree = "<group>";
		};
		49B6F09316FB8ED400846C1C /* Race Finder View Controllers */ = {
			isa = PBXGroup;
			children = (
				49B6F09016FB8B8600846C1C /* RaceFinderViewController.h */,
				49B6F09116FB8B8600846C1C /* RaceFinderViewController.m */,
			);
			name = "Race Finder View Controllers";
			sourceTree = "<group>";
		};
/* End PBXGroup section */

/* Begin PBXNativeTarget section */
		49300AC616B705A100F45D24 /* TriAlly */ = {
			isa = PBXNativeTarget;
			buildConfigurationList = 49300AEB16B705A200F45D24 /* Build configuration list for PBXNativeTarget "TriAlly" */;
			buildPhases = (
				49300AC316B705A100F45D24 /* Sources */,
				49300AC416B705A100F45D24 /* Frameworks */,
				49300AC516B705A100F45D24 /* Resources */,
			);
			buildRules = (
			);
			dependencies = (
			);
			name = TriAlly;
			productName = TriShake;
			productReference = 49300AC716B705A100F45D24 /* TriAlly.app */;
			productType = "com.apple.product-type.application";
		};
/* End PBXNativeTarget section */

/* Begin PBXProject section */
		49300ABE16B705A100F45D24 /* Project object */ = {
			isa = PBXProject;
			attributes = {
				LastUpgradeCheck = 0460;
				ORGANIZATIONNAME = "Corinn Pope";
			};
			buildConfigurationList = 49300AC116B705A100F45D24 /* Build configuration list for PBXProject "TriAlly" */;
			compatibilityVersion = "Xcode 3.2";
			developmentRegion = English;
			hasScannedForEncodings = 0;
			knownRegions = (
				en,
			);
			mainGroup = 49300ABC16B705A100F45D24;
			productRefGroup = 49300AC816B705A100F45D24 /* Products */;
			projectDirPath = "";
			projectRoot = "";
			targets = (
				49300AC616B705A100F45D24 /* TriAlly */,
			);
		};
/* End PBXProject section */

/* Begin PBXResourcesBuildPhase section */
		49300AC516B705A100F45D24 /* Resources */ = {
			isa = PBXResourcesBuildPhase;
			buildActionMask = 2147483647;
			files = (
				49300AD616B705A100F45D24 /* InfoPlist.strings in Resources */,
				49300AE516B705A200F45D24 /* MainStoryboard.storyboard in Resources */,
				49300AFE16B724AD00F45D24 /* OrangeButton.png in Resources */,
				49300AFF16B724AD00F45D24 /* orangeButton@2x.png in Resources */,
				49300B0016B724AD00F45D24 /* orangeButtonHighlight.png in Resources */,
				49300B0116B724AD00F45D24 /* orangeButtonHighlight@2x.png in Resources */,
				49FC35EF16D53FEF0014EF4C /* twitter-bird-white-on-blue.png in Resources */,
				49FC35F716D5567C0014EF4C /* facebook.png in Resources */,
				49AE5A0A16DFD47F008693A0 /* arss_header.png in Resources */,
				494E0B4916E46A090032126A /* magnifying_glass@2x.mailtoloc in Resources */,
				494E0B4A16E46A090032126A /* calculator@2x.png in Resources */,
				494E0B4B16E46A090032126A /* newspaper@2x.png in Resources */,
				494E0B4C16E46A090032126A /* star@2x.png in Resources */,
				494E0B4D16E46A090032126A /* calculator.png in Resources */,
				494E0B4E16E46A090032126A /* newspaper.png in Resources */,
				494E0B4F16E46A090032126A /* star.png in Resources */,
				494E0B5016E46A090032126A /* magnifying_glass.png in Resources */,
				49B6F09516FBA8DC00846C1C /* 63-runner.png in Resources */,
				4973ED3A17012B7400036919 /* magnifying_glass@2x.png in Resources */,
				4973ED43170130F800036919 /* 63-runner@2x.png in Resources */,
				493945DD170B72D300B8B390 /* swim_slider_purple.png in Resources */,
				493945E1170B73BD00B8B390 /* run_slider_red.png in Resources */,
				493945E2170B73BD00B8B390 /* bike_slider_green.png in Resources */,
				493945EC170B77D900B8B390 /* transition_slider_blue.png in Resources */,
				493945FC170B7AB700B8B390 /* swim_slider_thumb_new.png in Resources */,
				49CC28A0170E1A0C001FCF17 /* t1_slider_thumb@2x.png in Resources */,
				49CC28A1170E1A0C001FCF17 /* t2_slider_thumb@2x.png in Resources */,
				49CC28A6170E1BD2001FCF17 /* transition_slider_blue@2x.png in Resources */,
				49CC28A7170E1BD2001FCF17 /* swim_slider_purple@2x.png in Resources */,
				49CC28A8170E1BD2001FCF17 /* run_slider_red@2x.png in Resources */,
				49CC28A9170E1BD2001FCF17 /* bike_slider_green@2x.png in Resources */,
				49CC28AB170FBC7E001FCF17 /* line.png in Resources */,
				49A48C021711038200B3CE24 /* mail_icon.png in Resources */,
				49A48C06171106AA00B3CE24 /* twitter-bird-white-on-blue@2x.png in Resources */,
				49A48C07171106AA00B3CE24 /* facebook_icon@2x.png in Resources */,
				49A48C08171106AA00B3CE24 /* mail_icon@2x.png in Resources */,
				493299B617160276008FDCE6 /* rss_icon.png in Resources */,
				493299B717160276008FDCE6 /* rss_icon@2x.png in Resources */,
				493299B817160276008FDCE6 /* swim_slider_thumb_new@2x.png in Resources */,
				493299B917160276008FDCE6 /* swim_slider_thumb@2x.png in Resources */,
				493299BA17160276008FDCE6 /* run_slider_thumb@2x.png in Resources */,
				493299BB17160276008FDCE6 /* bike_slider_thumb@2x.png in Resources */,
				493299BC17160276008FDCE6 /* Default-568h@2x.png in Resources */,
				493299BD17160276008FDCE6 /* Default@2x.png in Resources */,
				493299BE17160276008FDCE6 /* Default.png in Resources */,
				493299BF17160276008FDCE6 /* icon copy.png in Resources */,
				493299C017160276008FDCE6 /* Icon@2x copy.png in Resources */,
				493299C117160276008FDCE6 /* swim_slider_thumb.png in Resources */,
				493299C217160276008FDCE6 /* run_slider_thumb.png in Resources */,
				493299C317160276008FDCE6 /* t1_slider_thumb.png in Resources */,
				493299C417160276008FDCE6 /* t2_slider_thumb.png in Resources */,
				493299C517160276008FDCE6 /* bike_slider_thumb.png in Resources */,
				49946BE1171C834F00665062 /* icon.png in Resources */,
				49946BE3171C835700665062 /* Icon@2x.png in Resources */,
				49946BE6171C839100665062 /* Icon-Small.png in Resources */,
				49946BE7171C839100665062 /* Icon-Small@2x.png in Resources */,
				4943F958171F16F5007991A6 /* workoutList.sqlite in Resources */,
				4900215E172E029D00CD8437 /* refresh@2x.png in Resources */,
				4900215F172E029D00CD8437 /* refresh.png in Resources */,
				49002162172E045600CD8437 /* forward_arrow.png in Resources */,
				49002163172E045600CD8437 /* back_arrow.png in Resources */,
				49002166172E051600CD8437 /* back_arrow@2x.png in Resources */,
				49002167172E051600CD8437 /* forward_arrow@2x.png in Resources */,
			);
			runOnlyForDeploymentPostprocessing = 0;
		};
/* End PBXResourcesBuildPhase section */

/* Begin PBXSourcesBuildPhase section */
		49300AC316B705A100F45D24 /* Sources */ = {
			isa = PBXSourcesBuildPhase;
			buildActionMask = 2147483647;
			files = (
				49300AD816B705A100F45D24 /* main.m in Sources */,
				49300ADC16B705A100F45D24 /* AppDelegate.m in Sources */,
				49300AE816B705A200F45D24 /* ViewController.m in Sources */,
				49300B1216B7826300F45D24 /* MyWorkoutList.m in Sources */,
				49FECD5416D712DE00603071 /* calculatorViewController.m in Sources */,
				49AE5A0B16DFD47F008693A0 /* GTMNSString+HTML.m in Sources */,
				49AE5A0C16DFD47F008693A0 /* RXMLElement.m in Sources */,
				49AE5A0F16DFD603008693A0 /* detailViewController.m in Sources */,
				49AE5A1216DFD934008693A0 /* TableHeaderView.m in Sources */,
				49AE5A1516DFDCE1008693A0 /* RSSLoader.m in Sources */,
				49AE5A2216DFE905008693A0 /* MasterViewController.m in Sources */,
				49AE5A2516DFE962008693A0 /* RSSItem.m in Sources */,
				4911F00216F381D300B671DF /* Reachability.m in Sources */,
				49B6F09216FB8B8600846C1C /* RaceFinderViewController.m in Sources */,
				49914A6F171375DD0005B67D /* checklistTableViewController.m in Sources */,
			);
			runOnlyForDeploymentPostprocessing = 0;
		};
/* End PBXSourcesBuildPhase section */

/* Begin PBXVariantGroup section */
		49300AD416B705A100F45D24 /* InfoPlist.strings */ = {
			isa = PBXVariantGroup;
			children = (
				49300AD516B705A100F45D24 /* en */,
			);
			name = InfoPlist.strings;
			sourceTree = "<group>";
		};
		49300AE316B705A200F45D24 /* MainStoryboard.storyboard */ = {
			isa = PBXVariantGroup;
			children = (
				49300AE416B705A200F45D24 /* en */,
			);
			name = MainStoryboard.storyboard;
			sourceTree = "<group>";
		};
/* End PBXVariantGroup section */

/* Begin XCBuildConfiguration section */
		49300AE916B705A200F45D24 /* Debug */ = {
			isa = XCBuildConfiguration;
			buildSettings = {
				ALWAYS_SEARCH_USER_PATHS = NO;
				CLANG_CXX_LANGUAGE_STANDARD = "gnu++0x";
				CLANG_CXX_LIBRARY = "libc++";
				CLANG_ENABLE_OBJC_ARC = YES;
				CLANG_WARN_EMPTY_BODY = YES;
				CLANG_WARN__DUPLICATE_METHOD_MATCH = YES;
				CODE_SIGN_IDENTITY = "iPhone Distribution: Corinn Pope (86LW667KD9)";
				"CODE_SIGN_IDENTITY[sdk=iphoneos*]" = "iPhone Distribution";
				COPY_PHASE_STRIP = NO;
				GCC_C_LANGUAGE_STANDARD = gnu99;
				GCC_DYNAMIC_NO_PIC = NO;
				GCC_OPTIMIZATION_LEVEL = 0;
				GCC_PREPROCESSOR_DEFINITIONS = (
					"DEBUG=1",
					"$(inherited)",
				);
				GCC_SYMBOLS_PRIVATE_EXTERN = NO;
				GCC_WARN_ABOUT_RETURN_TYPE = YES;
				GCC_WARN_UNINITIALIZED_AUTOS = YES;
				GCC_WARN_UNUSED_VARIABLE = YES;
				IPHONEOS_DEPLOYMENT_TARGET = 6.0;
				ONLY_ACTIVE_ARCH = YES;
				PROVISIONING_PROFILE = "285CE5E4-F974-483D-8F5E-2EE190DF9939";
				"PROVISIONING_PROFILE[sdk=iphoneos*]" = "";
				SDKROOT = iphoneos;
			};
			name = Debug;
		};
		49300AEA16B705A200F45D24 /* Release */ = {
			isa = XCBuildConfiguration;
			buildSettings = {
				ALWAYS_SEARCH_USER_PATHS = NO;
				CLANG_CXX_LANGUAGE_STANDARD = "gnu++0x";
				CLANG_CXX_LIBRARY = "libc++";
				CLANG_ENABLE_OBJC_ARC = YES;
				CLANG_WARN_EMPTY_BODY = YES;
				CLANG_WARN__DUPLICATE_METHOD_MATCH = YES;
				CODE_SIGN_IDENTITY = "iPhone Distribution: Corinn Pope (86LW667KD9)";
				"CODE_SIGN_IDENTITY[sdk=iphoneos*]" = "iPhone Distribution";
				COPY_PHASE_STRIP = YES;
				GCC_C_LANGUAGE_STANDARD = gnu99;
				GCC_WARN_ABOUT_RETURN_TYPE = YES;
				GCC_WARN_UNINITIALIZED_AUTOS = YES;
				GCC_WARN_UNUSED_VARIABLE = YES;
				IPHONEOS_DEPLOYMENT_TARGET = 6.0;
				OTHER_CFLAGS = "-DNS_BLOCK_ASSERTIONS=1";
				PROVISIONING_PROFILE = "285CE5E4-F974-483D-8F5E-2EE190DF9939";
				"PROVISIONING_PROFILE[sdk=iphoneos*]" = "";
				SDKROOT = iphoneos;
				VALIDATE_PRODUCT = YES;
			};
			name = Release;
		};
		49300AEC16B705A200F45D24 /* Debug */ = {
			isa = XCBuildConfiguration;
			buildSettings = {
				CODE_SIGN_IDENTITY = "iPhone Distribution: Corinn Pope (86LW667KD9)";
				"CODE_SIGN_IDENTITY[sdk=iphoneos*]" = "iPhone Developer";
				DEBUG_INFORMATION_FORMAT = dwarf;
				GCC_PRECOMPILE_PREFIX_HEADER = YES;
				GCC_PREFIX_HEADER = "TriShake/TriAlly-Prefix.pch";
				HEADER_SEARCH_PATHS = /usr/include/libxml2;
				INFOPLIST_FILE = "TriShake/TriAlly-Info.plist";
				LIBRARY_SEARCH_PATHS = (
					"$(inherited)",
					"\"$(SRCROOT)/GoogleAdMobAdsSdkiOS-6.4.0\"",
					"\"$(SRCROOT)\"",
					"\"$(SRCROOT)/TriShake/GoogleAdMobAdsSdkiOS-6.4.0/Add-ons/GoogleAnalyticsiOS_2.0beta4/Library\"",
					"\"$(SRCROOT)/TriShake/GoogleAdMobAdsSdkiOS-6.4.0\"",
					"\"$(SRCROOT)/GoogleAdMobAdsSdkiOS-6.4.0/Add-ons/GoogleAnalyticsiOS_2.0beta4/Library\"",
				);
				OTHER_LDFLAGS = "-ObjC";
				PRODUCT_NAME = TriAlly;
				PROVISIONING_PROFILE = "285CE5E4-F974-483D-8F5E-2EE190DF9939";
				"PROVISIONING_PROFILE[sdk=iphoneos*]" = "";
				TARGETED_DEVICE_FAMILY = 1;
				WRAPPER_EXTENSION = app;
			};
			name = Debug;
		};
		49300AED16B705A200F45D24 /* Release */ = {
			isa = XCBuildConfiguration;
			buildSettings = {
				CODE_SIGN_IDENTITY = "iPhone Distribution: Corinn Pope (86LW667KD9)";
				"CODE_SIGN_IDENTITY[sdk=iphoneos*]" = "iPhone Developer";
				DEBUG_INFORMATION_FORMAT = dwarf;
				GCC_PRECOMPILE_PREFIX_HEADER = YES;
				GCC_PREFIX_HEADER = "TriShake/TriAlly-Prefix.pch";
				HEADER_SEARCH_PATHS = /usr/include/libxml2;
				INFOPLIST_FILE = "TriShake/TriAlly-Info.plist";
				LIBRARY_SEARCH_PATHS = (
					"$(inherited)",
					"\"$(SRCROOT)/GoogleAdMobAdsSdkiOS-6.4.0\"",
					"\"$(SRCROOT)\"",
					"\"$(SRCROOT)/TriShake/GoogleAdMobAdsSdkiOS-6.4.0/Add-ons/GoogleAnalyticsiOS_2.0beta4/Library\"",
					"\"$(SRCROOT)/TriShake/GoogleAdMobAdsSdkiOS-6.4.0\"",
					"\"$(SRCROOT)/GoogleAdMobAdsSdkiOS-6.4.0/Add-ons/GoogleAnalyticsiOS_2.0beta4/Library\"",
				);
				OTHER_LDFLAGS = "-ObjC";
				PRODUCT_NAME = TriAlly;
				PROVISIONING_PROFILE = "285CE5E4-F974-483D-8F5E-2EE190DF9939";
				"PROVISIONING_PROFILE[sdk=iphoneos*]" = "";
				TARGETED_DEVICE_FAMILY = 1;
				WRAPPER_EXTENSION = app;
			};
			name = Release;
		};
/* End XCBuildConfiguration section */

/* Begin XCConfigurationList section */
		49300AC116B705A100F45D24 /* Build configuration list for PBXProject "TriAlly" */ = {
			isa = XCConfigurationList;
			buildConfigurations = (
				49300AE916B705A200F45D24 /* Debug */,
				49300AEA16B705A200F45D24 /* Release */,
			);
			defaultConfigurationIsVisible = 0;
			defaultConfigurationName = Release;
		};
		49300AEB16B705A200F45D24 /* Build configuration list for PBXNativeTarget "TriAlly" */ = {
			isa = XCConfigurationList;
			buildConfigurations = (
				49300AEC16B705A200F45D24 /* Debug */,
				49300AED16B705A200F45D24 /* Release */,
			);
			defaultConfigurationIsVisible = 0;
			defaultConfigurationName = Release;
		};
/* End XCConfigurationList section */
	};
	rootObject = 49300ABE16B705A100F45D24 /* Project object */;
}
